// !$*UTF8*$!
{
	archiveVersion = 1;
	classes = {
	};
	objectVersion = 46;
	objects = {

/* Begin PBXBuildFile section */
		44C344891C5362CB0068AD9D /* AppDelegate.swift in Sources */ = {isa = PBXBuildFile; fileRef = 44C344881C5362CB0068AD9D /* AppDelegate.swift */; };
		44C3448B1C5362CB0068AD9D /* DocumentListViewController.swift in Sources */ = {isa = PBXBuildFile; fileRef = 44C3448A1C5362CB0068AD9D /* DocumentListViewController.swift */; };
		44C3448D1C5362CB0068AD9D /* Assets.xcassets in Resources */ = {isa = PBXBuildFile; fileRef = 44C3448C1C5362CB0068AD9D /* Assets.xcassets */; };
		44C344901C5362CB0068AD9D /* Main.storyboard in Resources */ = {isa = PBXBuildFile; fileRef = 44C3448E1C5362CB0068AD9D /* Main.storyboard */; };
		44C344A81C5363220068AD9D /* Collection+CoreDataExtensions.swift in Sources */ = {isa = PBXBuildFile; fileRef = 44C344981C5363220068AD9D /* Collection+CoreDataExtensions.swift */; };
		44C344A91C5363220068AD9D /* CoreDataErrors.swift in Sources */ = {isa = PBXBuildFile; fileRef = 44C344991C5363220068AD9D /* CoreDataErrors.swift */; };
		44C344AB1C5363220068AD9D /* ManagedObject.swift in Sources */ = {isa = PBXBuildFile; fileRef = 44C3449B1C5363220068AD9D /* ManagedObject.swift */; };
		44C344AC1C5363220068AD9D /* ManagedObjectObserver.swift in Sources */ = {isa = PBXBuildFile; fileRef = 44C3449C1C5363220068AD9D /* ManagedObjectObserver.swift */; };
		44C344AD1C5363220068AD9D /* Migration.swift in Sources */ = {isa = PBXBuildFile; fileRef = 44C3449D1C5363220068AD9D /* Migration.swift */; };
		44C344AE1C5363220068AD9D /* ModelBuilder.swift in Sources */ = {isa = PBXBuildFile; fileRef = 44C3449E1C5363220068AD9D /* ModelBuilder.swift */; };
		44C344AF1C5363220068AD9D /* ModelVersionType.swift in Sources */ = {isa = PBXBuildFile; fileRef = 44C3449F1C5363220068AD9D /* ModelVersionType.swift */; };
		44C344B01C5363220068AD9D /* NSFetchRequest+Extensions.swift in Sources */ = {isa = PBXBuildFile; fileRef = 44C344A01C5363220068AD9D /* NSFetchRequest+Extensions.swift */; };
		44C344B11C5363220068AD9D /* NSManagedObject+Extensions.swift in Sources */ = {isa = PBXBuildFile; fileRef = 44C344A11C5363220068AD9D /* NSManagedObject+Extensions.swift */; };
		44C344B21C5363220068AD9D /* NSManagedObjectContext+Extensions.swift in Sources */ = {isa = PBXBuildFile; fileRef = 44C344A21C5363220068AD9D /* NSManagedObjectContext+Extensions.swift */; };
		44C344B31C5363220068AD9D /* NSManagedObjectContext+Observers.swift in Sources */ = {isa = PBXBuildFile; fileRef = 44C344A31C5363220068AD9D /* NSManagedObjectContext+Observers.swift */; };
		44C344B41C5363220068AD9D /* NSPersistentStoreCoordinator+Extensions.swift in Sources */ = {isa = PBXBuildFile; fileRef = 44C344A41C5363220068AD9D /* NSPersistentStoreCoordinator+Extensions.swift */; };
		44C344B61C5363220068AD9D /* Utilities.swift in Sources */ = {isa = PBXBuildFile; fileRef = 44C344A61C5363220068AD9D /* Utilities.swift */; };
		44C344B71C5363220068AD9D /* ValueTransformer.swift in Sources */ = {isa = PBXBuildFile; fileRef = 44C344A71C5363220068AD9D /* ValueTransformer.swift */; };
		44C344BE1C536A130068AD9D /* CDDocument.swift in Sources */ = {isa = PBXBuildFile; fileRef = 44C344BD1C536A130068AD9D /* CDDocument.swift */; };
		44C344C01C536C220068AD9D /* KeyCodable.swift in Sources */ = {isa = PBXBuildFile; fileRef = 44C344BF1C536C220068AD9D /* KeyCodable.swift */; };
		44C344C21C536CCB0068AD9D /* CDFramework.swift in Sources */ = {isa = PBXBuildFile; fileRef = 44C344C11C536CCB0068AD9D /* CDFramework.swift */; };
		44C344C41C536D2A0068AD9D /* CDTopic.swift in Sources */ = {isa = PBXBuildFile; fileRef = 44C344C31C536D2A0068AD9D /* CDTopic.swift */; };
		44C344C61C536D860068AD9D /* CDResourceType.swift in Sources */ = {isa = PBXBuildFile; fileRef = 44C344C51C536D860068AD9D /* CDResourceType.swift */; };
		44C344C81C537E8E0068AD9D /* DocumentFetcher.swift in Sources */ = {isa = PBXBuildFile; fileRef = 44C344C71C537E8E0068AD9D /* DocumentFetcher.swift */; };
		44C344CA1C53833E0068AD9D /* DocumentParser.swift in Sources */ = {isa = PBXBuildFile; fileRef = 44C344C91C53833E0068AD9D /* DocumentParser.swift */; };
		44C344CD1C5395ED0068AD9D /* Document.swift in Sources */ = {isa = PBXBuildFile; fileRef = 44C344CC1C5395ED0068AD9D /* Document.swift */; };
		44C344CF1C5397AA0068AD9D /* CoreDataStack.swift in Sources */ = {isa = PBXBuildFile; fileRef = 44C344CE1C5397AA0068AD9D /* CoreDataStack.swift */; };
		44C344D51C53BF070068AD9D /* SampleCodeModel.xcdatamodeld in Sources */ = {isa = PBXBuildFile; fileRef = 44C344D31C53BF070068AD9D /* SampleCodeModel.xcdatamodeld */; };
		44C344DA1C53CBF20068AD9D /* DocumentTableCellView.swift in Sources */ = {isa = PBXBuildFile; fileRef = 44C344D91C53CBF20068AD9D /* DocumentTableCellView.swift */; };
		44C344DE1C53FD3C0068AD9D /* MainWindow.swift in Sources */ = {isa = PBXBuildFile; fileRef = 44C344DD1C53FD3C0068AD9D /* MainWindow.swift */; };
/* End PBXBuildFile section */

/* Begin PBXFileReference section */
		44C344851C5362CB0068AD9D /* SampleCodeStalker.app */ = {isa = PBXFileReference; explicitFileType = wrapper.application; includeInIndex = 0; path = SampleCodeStalker.app; sourceTree = BUILT_PRODUCTS_DIR; };
		44C344881C5362CB0068AD9D /* AppDelegate.swift */ = {isa = PBXFileReference; lastKnownFileType = sourcecode.swift; path = AppDelegate.swift; sourceTree = "<group>"; };
		44C3448A1C5362CB0068AD9D /* DocumentListViewController.swift */ = {isa = PBXFileReference; lastKnownFileType = sourcecode.swift; path = DocumentListViewController.swift; sourceTree = "<group>"; };
		44C3448C1C5362CB0068AD9D /* Assets.xcassets */ = {isa = PBXFileReference; lastKnownFileType = folder.assetcatalog; path = Assets.xcassets; sourceTree = "<group>"; };
		44C3448F1C5362CB0068AD9D /* Base */ = {isa = PBXFileReference; lastKnownFileType = file.storyboard; name = Base; path = Base.lproj/Main.storyboard; sourceTree = "<group>"; };
		44C344911C5362CB0068AD9D /* Info.plist */ = {isa = PBXFileReference; lastKnownFileType = text.plist.xml; path = Info.plist; sourceTree = "<group>"; };
		44C344981C5363220068AD9D /* Collection+CoreDataExtensions.swift */ = {isa = PBXFileReference; fileEncoding = 4; lastKnownFileType = sourcecode.swift; path = "Collection+CoreDataExtensions.swift"; sourceTree = "<group>"; };
		44C344991C5363220068AD9D /* CoreDataErrors.swift */ = {isa = PBXFileReference; fileEncoding = 4; lastKnownFileType = sourcecode.swift; path = CoreDataErrors.swift; sourceTree = "<group>"; };
		44C3449A1C5363220068AD9D /* LICENSE.md */ = {isa = PBXFileReference; fileEncoding = 4; lastKnownFileType = net.daringfireball.markdown; path = LICENSE.md; sourceTree = "<group>"; };
		44C3449B1C5363220068AD9D /* ManagedObject.swift */ = {isa = PBXFileReference; fileEncoding = 4; lastKnownFileType = sourcecode.swift; path = ManagedObject.swift; sourceTree = "<group>"; };
		44C3449C1C5363220068AD9D /* ManagedObjectObserver.swift */ = {isa = PBXFileReference; fileEncoding = 4; lastKnownFileType = sourcecode.swift; path = ManagedObjectObserver.swift; sourceTree = "<group>"; };
		44C3449D1C5363220068AD9D /* Migration.swift */ = {isa = PBXFileReference; fileEncoding = 4; lastKnownFileType = sourcecode.swift; path = Migration.swift; sourceTree = "<group>"; };
		44C3449E1C5363220068AD9D /* ModelBuilder.swift */ = {isa = PBXFileReference; fileEncoding = 4; lastKnownFileType = sourcecode.swift; path = ModelBuilder.swift; sourceTree = "<group>"; };
		44C3449F1C5363220068AD9D /* ModelVersionType.swift */ = {isa = PBXFileReference; fileEncoding = 4; lastKnownFileType = sourcecode.swift; path = ModelVersionType.swift; sourceTree = "<group>"; };
		44C344A01C5363220068AD9D /* NSFetchRequest+Extensions.swift */ = {isa = PBXFileReference; fileEncoding = 4; lastKnownFileType = sourcecode.swift; path = "NSFetchRequest+Extensions.swift"; sourceTree = "<group>"; };
		44C344A11C5363220068AD9D /* NSManagedObject+Extensions.swift */ = {isa = PBXFileReference; fileEncoding = 4; lastKnownFileType = sourcecode.swift; path = "NSManagedObject+Extensions.swift"; sourceTree = "<group>"; };
		44C344A21C5363220068AD9D /* NSManagedObjectContext+Extensions.swift */ = {isa = PBXFileReference; fileEncoding = 4; lastKnownFileType = sourcecode.swift; path = "NSManagedObjectContext+Extensions.swift"; sourceTree = "<group>"; };
		44C344A31C5363220068AD9D /* NSManagedObjectContext+Observers.swift */ = {isa = PBXFileReference; fileEncoding = 4; lastKnownFileType = sourcecode.swift; path = "NSManagedObjectContext+Observers.swift"; sourceTree = "<group>"; };
		44C344A41C5363220068AD9D /* NSPersistentStoreCoordinator+Extensions.swift */ = {isa = PBXFileReference; fileEncoding = 4; lastKnownFileType = sourcecode.swift; path = "NSPersistentStoreCoordinator+Extensions.swift"; sourceTree = "<group>"; };
		44C344A61C5363220068AD9D /* Utilities.swift */ = {isa = PBXFileReference; fileEncoding = 4; lastKnownFileType = sourcecode.swift; path = Utilities.swift; sourceTree = "<group>"; };
		44C344A71C5363220068AD9D /* ValueTransformer.swift */ = {isa = PBXFileReference; fileEncoding = 4; lastKnownFileType = sourcecode.swift; path = ValueTransformer.swift; sourceTree = "<group>"; };
		44C344BD1C536A130068AD9D /* CDDocument.swift */ = {isa = PBXFileReference; fileEncoding = 4; lastKnownFileType = sourcecode.swift; name = CDDocument.swift; path = Model/CDDocument.swift; sourceTree = "<group>"; };
		44C344BF1C536C220068AD9D /* KeyCodable.swift */ = {isa = PBXFileReference; fileEncoding = 4; lastKnownFileType = sourcecode.swift; path = KeyCodable.swift; sourceTree = "<group>"; };
		44C344C11C536CCB0068AD9D /* CDFramework.swift */ = {isa = PBXFileReference; fileEncoding = 4; lastKnownFileType = sourcecode.swift; name = CDFramework.swift; path = Model/CDFramework.swift; sourceTree = "<group>"; };
		44C344C31C536D2A0068AD9D /* CDTopic.swift */ = {isa = PBXFileReference; fileEncoding = 4; lastKnownFileType = sourcecode.swift; name = CDTopic.swift; path = Model/CDTopic.swift; sourceTree = "<group>"; };
		44C344C51C536D860068AD9D /* CDResourceType.swift */ = {isa = PBXFileReference; fileEncoding = 4; lastKnownFileType = sourcecode.swift; name = CDResourceType.swift; path = Model/CDResourceType.swift; sourceTree = "<group>"; };
		44C344C71C537E8E0068AD9D /* DocumentFetcher.swift */ = {isa = PBXFileReference; fileEncoding = 4; lastKnownFileType = sourcecode.swift; path = DocumentFetcher.swift; sourceTree = "<group>"; };
		44C344C91C53833E0068AD9D /* DocumentParser.swift */ = {isa = PBXFileReference; fileEncoding = 4; lastKnownFileType = sourcecode.swift; path = DocumentParser.swift; sourceTree = "<group>"; };
		44C344CC1C5395ED0068AD9D /* Document.swift */ = {isa = PBXFileReference; fileEncoding = 4; lastKnownFileType = sourcecode.swift; name = Document.swift; path = Model/Document.swift; sourceTree = "<group>"; };
		44C344CE1C5397AA0068AD9D /* CoreDataStack.swift */ = {isa = PBXFileReference; fileEncoding = 4; lastKnownFileType = sourcecode.swift; name = CoreDataStack.swift; path = Model/CoreDataStack.swift; sourceTree = "<group>"; };
		44C344D41C53BF070068AD9D /* SampleCodeModel.xcdatamodel */ = {isa = PBXFileReference; lastKnownFileType = wrapper.xcdatamodel; path = SampleCodeModel.xcdatamodel; sourceTree = "<group>"; };
		44C344D91C53CBF20068AD9D /* DocumentTableCellView.swift */ = {isa = PBXFileReference; fileEncoding = 4; lastKnownFileType = sourcecode.swift; path = DocumentTableCellView.swift; sourceTree = "<group>"; };
		44C344DD1C53FD3C0068AD9D /* MainWindow.swift */ = {isa = PBXFileReference; fileEncoding = 4; lastKnownFileType = sourcecode.swift; path = MainWindow.swift; sourceTree = "<group>"; };
/* End PBXFileReference section */

/* Begin PBXFrameworksBuildPhase section */
		44C344821C5362CB0068AD9D /* Frameworks */ = {
			isa = PBXFrameworksBuildPhase;
			buildActionMask = 2147483647;
			files = (
			);
			runOnlyForDeploymentPostprocessing = 0;
		};
/* End PBXFrameworksBuildPhase section */

/* Begin PBXGroup section */
		44C3447C1C5362CB0068AD9D = {
			isa = PBXGroup;
			children = (
				44C344871C5362CB0068AD9D /* SampleCodeStalker */,
				44C344861C5362CB0068AD9D /* Products */,
			);
			sourceTree = "<group>";
		};
		44C344861C5362CB0068AD9D /* Products */ = {
			isa = PBXGroup;
			children = (
				44C344851C5362CB0068AD9D /* SampleCodeStalker.app */,
			);
			name = Products;
			sourceTree = "<group>";
		};
		44C344871C5362CB0068AD9D /* SampleCodeStalker */ = {
			isa = PBXGroup;
			children = (
				44C344881C5362CB0068AD9D /* AppDelegate.swift */,
				44C3448A1C5362CB0068AD9D /* DocumentListViewController.swift */,
				44C3448E1C5362CB0068AD9D /* Main.storyboard */,
				44C344DD1C53FD3C0068AD9D /* MainWindow.swift */,
				44C344C71C537E8E0068AD9D /* DocumentFetcher.swift */,
				44C344C91C53833E0068AD9D /* DocumentParser.swift */,
				44C344D91C53CBF20068AD9D /* DocumentTableCellView.swift */,
				44C344B91C5363910068AD9D /* Model */,
				44C344971C5363220068AD9D /* objc.io code */,
				44C344B81C5363620068AD9D /* Supporting Files */,
			);
			path = SampleCodeStalker;
			sourceTree = "<group>";
		};
		44C344971C5363220068AD9D /* objc.io code */ = {
			isa = PBXGroup;
			children = (
				44C3449A1C5363220068AD9D /* LICENSE.md */,
				44C344981C5363220068AD9D /* Collection+CoreDataExtensions.swift */,
				44C344991C5363220068AD9D /* CoreDataErrors.swift */,
				44C344BF1C536C220068AD9D /* KeyCodable.swift */,
				44C3449B1C5363220068AD9D /* ManagedObject.swift */,
				44C3449C1C5363220068AD9D /* ManagedObjectObserver.swift */,
				44C3449D1C5363220068AD9D /* Migration.swift */,
				44C3449E1C5363220068AD9D /* ModelBuilder.swift */,
				44C3449F1C5363220068AD9D /* ModelVersionType.swift */,
				44C344A01C5363220068AD9D /* NSFetchRequest+Extensions.swift */,
				44C344A11C5363220068AD9D /* NSManagedObject+Extensions.swift */,
				44C344A21C5363220068AD9D /* NSManagedObjectContext+Extensions.swift */,
				44C344A31C5363220068AD9D /* NSManagedObjectContext+Observers.swift */,
				44C344A41C5363220068AD9D /* NSPersistentStoreCoordinator+Extensions.swift */,
				44C344A61C5363220068AD9D /* Utilities.swift */,
				44C344A71C5363220068AD9D /* ValueTransformer.swift */,
			);
			name = "objc.io code";
			path = SharedCode;
			sourceTree = "<group>";
		};
		44C344B81C5363620068AD9D /* Supporting Files */ = {
			isa = PBXGroup;
			children = (
				44C3448C1C5362CB0068AD9D /* Assets.xcassets */,
				44C344911C5362CB0068AD9D /* Info.plist */,
			);
			name = "Supporting Files";
			sourceTree = "<group>";
		};
		44C344B91C5363910068AD9D /* Model */ = {
			isa = PBXGroup;
			children = (
				44C344CC1C5395ED0068AD9D /* Document.swift */,
				44C344CB1C5395DC0068AD9D /* CoreData */,
			);
			name = Model;
			sourceTree = "<group>";
		};
		44C344CB1C5395DC0068AD9D /* CoreData */ = {
			isa = PBXGroup;
			children = (
				44C344D31C53BF070068AD9D /* SampleCodeModel.xcdatamodeld */,
				44C344BD1C536A130068AD9D /* CDDocument.swift */,
				44C344C11C536CCB0068AD9D /* CDFramework.swift */,
				44C344C31C536D2A0068AD9D /* CDTopic.swift */,
				44C344C51C536D860068AD9D /* CDResourceType.swift */,
				44C344CE1C5397AA0068AD9D /* CoreDataStack.swift */,
			);
			name = CoreData;
			sourceTree = "<group>";
		};
/* End PBXGroup section */

/* Begin PBXNativeTarget section */
		44C344841C5362CB0068AD9D /* SampleCodeStalker */ = {
			isa = PBXNativeTarget;
			buildConfigurationList = 44C344941C5362CB0068AD9D /* Build configuration list for PBXNativeTarget "SampleCodeStalker" */;
			buildPhases = (
				44C344811C5362CB0068AD9D /* Sources */,
				44C344821C5362CB0068AD9D /* Frameworks */,
				44C344831C5362CB0068AD9D /* Resources */,
			);
			buildRules = (
			);
			dependencies = (
			);
			name = SampleCodeStalker;
			productName = SampleCodeStalker;
			productReference = 44C344851C5362CB0068AD9D /* SampleCodeStalker.app */;
			productType = "com.apple.product-type.application";
		};
/* End PBXNativeTarget section */

/* Begin PBXProject section */
		44C3447D1C5362CB0068AD9D /* Project object */ = {
			isa = PBXProject;
			attributes = {
				LastSwiftUpdateCheck = 0730;
				LastUpgradeCheck = 0730;
				ORGANIZATIONNAME = "Thomas Krajacic";
				TargetAttributes = {
					44C344841C5362CB0068AD9D = {
						CreatedOnToolsVersion = 7.3;
					};
				};
			};
			buildConfigurationList = 44C344801C5362CB0068AD9D /* Build configuration list for PBXProject "SampleCodeStalker" */;
			compatibilityVersion = "Xcode 3.2";
			developmentRegion = English;
			hasScannedForEncodings = 0;
			knownRegions = (
				en,
				Base,
			);
			mainGroup = 44C3447C1C5362CB0068AD9D;
			productRefGroup = 44C344861C5362CB0068AD9D /* Products */;
			projectDirPath = "";
			projectRoot = "";
			targets = (
				44C344841C5362CB0068AD9D /* SampleCodeStalker */,
			);
		};
/* End PBXProject section */

/* Begin PBXResourcesBuildPhase section */
		44C344831C5362CB0068AD9D /* Resources */ = {
			isa = PBXResourcesBuildPhase;
			buildActionMask = 2147483647;
			files = (
				44C3448D1C5362CB0068AD9D /* Assets.xcassets in Resources */,
				44C344901C5362CB0068AD9D /* Main.storyboard in Resources */,
			);
			runOnlyForDeploymentPostprocessing = 0;
		};
/* End PBXResourcesBuildPhase section */

/* Begin PBXSourcesBuildPhase section */
		44C344811C5362CB0068AD9D /* Sources */ = {
			isa = PBXSourcesBuildPhase;
			buildActionMask = 2147483647;
			files = (
				44C344B31C5363220068AD9D /* NSManagedObjectContext+Observers.swift in Sources */,
				44C344A81C5363220068AD9D /* Collection+CoreDataExtensions.swift in Sources */,
				44C344B01C5363220068AD9D /* NSFetchRequest+Extensions.swift in Sources */,
				44C344AC1C5363220068AD9D /* ManagedObjectObserver.swift in Sources */,
				44C344B21C5363220068AD9D /* NSManagedObjectContext+Extensions.swift in Sources */,
				44C344B71C5363220068AD9D /* ValueTransformer.swift in Sources */,
				44C344AB1C5363220068AD9D /* ManagedObject.swift in Sources */,
				44C344C81C537E8E0068AD9D /* DocumentFetcher.swift in Sources */,
				44C344C21C536CCB0068AD9D /* CDFramework.swift in Sources */,
				44C344C61C536D860068AD9D /* CDResourceType.swift in Sources */,
				44C344CA1C53833E0068AD9D /* DocumentParser.swift in Sources */,
				44C344AD1C5363220068AD9D /* Migration.swift in Sources */,
				44C3448B1C5362CB0068AD9D /* DocumentListViewController.swift in Sources */,
				44C344B61C5363220068AD9D /* Utilities.swift in Sources */,
				44C344AE1C5363220068AD9D /* ModelBuilder.swift in Sources */,
				44C344C41C536D2A0068AD9D /* CDTopic.swift in Sources */,
				44C344C01C536C220068AD9D /* KeyCodable.swift in Sources */,
				44C344891C5362CB0068AD9D /* AppDelegate.swift in Sources */,
				44C344D51C53BF070068AD9D /* SampleCodeModel.xcdatamodeld in Sources */,
				44C344DA1C53CBF20068AD9D /* DocumentTableCellView.swift in Sources */,
				44C344DE1C53FD3C0068AD9D /* MainWindow.swift in Sources */,
				44C344CF1C5397AA0068AD9D /* CoreDataStack.swift in Sources */,
				44C344CD1C5395ED0068AD9D /* Document.swift in Sources */,
				44C344AF1C5363220068AD9D /* ModelVersionType.swift in Sources */,
				44C344BE1C536A130068AD9D /* CDDocument.swift in Sources */,
				44C344B41C5363220068AD9D /* NSPersistentStoreCoordinator+Extensions.swift in Sources */,
				44C344B11C5363220068AD9D /* NSManagedObject+Extensions.swift in Sources */,
				44C344A91C5363220068AD9D /* CoreDataErrors.swift in Sources */,
			);
			runOnlyForDeploymentPostprocessing = 0;
		};
/* End PBXSourcesBuildPhase section */

/* Begin PBXVariantGroup section */
		44C3448E1C5362CB0068AD9D /* Main.storyboard */ = {
			isa = PBXVariantGroup;
			children = (
				44C3448F1C5362CB0068AD9D /* Base */,
			);
			name = Main.storyboard;
			sourceTree = "<group>";
		};
/* End PBXVariantGroup section */

/* Begin XCBuildConfiguration section */
		44C344921C5362CB0068AD9D /* Debug */ = {
			isa = XCBuildConfiguration;
			buildSettings = {
				ALWAYS_SEARCH_USER_PATHS = NO;
				CLANG_CXX_LANGUAGE_STANDARD = "gnu++0x";
				CLANG_CXX_LIBRARY = "libc++";
				CLANG_ENABLE_MODULES = YES;
				CLANG_ENABLE_OBJC_ARC = YES;
				CLANG_WARN_BOOL_CONVERSION = YES;
				CLANG_WARN_CONSTANT_CONVERSION = YES;
				CLANG_WARN_DIRECT_OBJC_ISA_USAGE = YES_ERROR;
				CLANG_WARN_EMPTY_BODY = YES;
				CLANG_WARN_ENUM_CONVERSION = YES;
				CLANG_WARN_INT_CONVERSION = YES;
				CLANG_WARN_OBJC_ROOT_CLASS = YES_ERROR;
				CLANG_WARN_UNREACHABLE_CODE = YES;
				CLANG_WARN__DUPLICATE_METHOD_MATCH = YES;
				CODE_SIGN_IDENTITY = "-";
				COPY_PHASE_STRIP = NO;
				DEBUG_INFORMATION_FORMAT = dwarf;
				ENABLE_STRICT_OBJC_MSGSEND = YES;
				ENABLE_TESTABILITY = YES;
				GCC_C_LANGUAGE_STANDARD = gnu99;
				GCC_DYNAMIC_NO_PIC = NO;
				GCC_NO_COMMON_BLOCKS = YES;
				GCC_OPTIMIZATION_LEVEL = 0;
				GCC_PREPROCESSOR_DEFINITIONS = (
					"DEBUG=1",
					"$(inherited)",
				);
				GCC_WARN_64_TO_32_BIT_CONVERSION = YES;
				GCC_WARN_ABOUT_RETURN_TYPE = YES_ERROR;
				GCC_WARN_UNDECLARED_SELECTOR = YES;
				GCC_WARN_UNINITIALIZED_AUTOS = YES_AGGRESSIVE;
				GCC_WARN_UNUSED_FUNCTION = YES;
				GCC_WARN_UNUSED_VARIABLE = YES;
				MACOSX_DEPLOYMENT_TARGET = 10.11;
				MTL_ENABLE_DEBUG_INFO = YES;
				ONLY_ACTIVE_ARCH = YES;
				SDKROOT = macosx;
				SWIFT_OPTIMIZATION_LEVEL = "-Onone";
			};
			name = Debug;
		};
		44C344931C5362CB0068AD9D /* Release */ = {
			isa = XCBuildConfiguration;
			buildSettings = {
				ALWAYS_SEARCH_USER_PATHS = NO;
				CLANG_CXX_LANGUAGE_STANDARD = "gnu++0x";
				CLANG_CXX_LIBRARY = "libc++";
				CLANG_ENABLE_MODULES = YES;
				CLANG_ENABLE_OBJC_ARC = YES;
				CLANG_WARN_BOOL_CONVERSION = YES;
				CLANG_WARN_CONSTANT_CONVERSION = YES;
				CLANG_WARN_DIRECT_OBJC_ISA_USAGE = YES_ERROR;
				CLANG_WARN_EMPTY_BODY = YES;
				CLANG_WARN_ENUM_CONVERSION = YES;
				CLANG_WARN_INT_CONVERSION = YES;
				CLANG_WARN_OBJC_ROOT_CLASS = YES_ERROR;
				CLANG_WARN_UNREACHABLE_CODE = YES;
				CLANG_WARN__DUPLICATE_METHOD_MATCH = YES;
				CODE_SIGN_IDENTITY = "-";
				COPY_PHASE_STRIP = NO;
				DEBUG_INFORMATION_FORMAT = "dwarf-with-dsym";
				ENABLE_NS_ASSERTIONS = NO;
				ENABLE_STRICT_OBJC_MSGSEND = YES;
				GCC_C_LANGUAGE_STANDARD = gnu99;
				GCC_NO_COMMON_BLOCKS = YES;
				GCC_WARN_64_TO_32_BIT_CONVERSION = YES;
				GCC_WARN_ABOUT_RETURN_TYPE = YES_ERROR;
				GCC_WARN_UNDECLARED_SELECTOR = YES;
				GCC_WARN_UNINITIALIZED_AUTOS = YES_AGGRESSIVE;
				GCC_WARN_UNUSED_FUNCTION = YES;
				GCC_WARN_UNUSED_VARIABLE = YES;
				MACOSX_DEPLOYMENT_TARGET = 10.11;
				MTL_ENABLE_DEBUG_INFO = NO;
				SDKROOT = macosx;
			};
			name = Release;
		};
		44C344951C5362CB0068AD9D /* Debug */ = {
			isa = XCBuildConfiguration;
			buildSettings = {
				ASSETCATALOG_COMPILER_APPICON_NAME = AppIcon;
				COMBINE_HIDPI_IMAGES = YES;
				INFOPLIST_FILE = SampleCodeStalker/Info.plist;
				LD_RUNPATH_SEARCH_PATHS = "$(inherited) @executable_path/../Frameworks";
				PRODUCT_BUNDLE_IDENTIFIER = at.krajacic.SampleCodeStalker;
				PRODUCT_NAME = "$(TARGET_NAME)";
			};
			name = Debug;
		};
		44C344961C5362CB0068AD9D /* Release */ = {
			isa = XCBuildConfiguration;
			buildSettings = {
				ASSETCATALOG_COMPILER_APPICON_NAME = AppIcon;
				COMBINE_HIDPI_IMAGES = YES;
				INFOPLIST_FILE = SampleCodeStalker/Info.plist;
				LD_RUNPATH_SEARCH_PATHS = "$(inherited) @executable_path/../Frameworks";
				PRODUCT_BUNDLE_IDENTIFIER = at.krajacic.SampleCodeStalker;
				PRODUCT_NAME = "$(TARGET_NAME)";
			};
			name = Release;
		};
/* End XCBuildConfiguration section */

/* Begin XCConfigurationList section */
		44C344801C5362CB0068AD9D /* Build configuration list for PBXProject "SampleCodeStalker" */ = {
			isa = XCConfigurationList;
			buildConfigurations = (
				44C344921C5362CB0068AD9D /* Debug */,
				44C344931C5362CB0068AD9D /* Release */,
			);
			defaultConfigurationIsVisible = 0;
			defaultConfigurationName = Release;
		};
		44C344941C5362CB0068AD9D /* Build configuration list for PBXNativeTarget "SampleCodeStalker" */ = {
			isa = XCConfigurationList;
			buildConfigurations = (
				44C344951C5362CB0068AD9D /* Debug */,
				44C344961C5362CB0068AD9D /* Release */,
			);
			defaultConfigurationIsVisible = 0;
			defaultConfigurationName = Release;
		};
/* End XCConfigurationList section */

/* Begin XCVersionGroup section */
		44C344D31C53BF070068AD9D /* SampleCodeModel.xcdatamodeld */ = {
			isa = XCVersionGroup;
			children = (
				44C344D41C53BF070068AD9D /* SampleCodeModel.xcdatamodel */,
			);
			currentVersion = 44C344D41C53BF070068AD9D /* SampleCodeModel.xcdatamodel */;
			name = SampleCodeModel.xcdatamodeld;
			path = Model/SampleCodeModel.xcdatamodeld;
			sourceTree = "<group>";
			versionGroupType = wrapper.xcdatamodel;
		};
/* End XCVersionGroup section */
	};
	rootObject = 44C3447D1C5362CB0068AD9D /* Project object */;
}
